
Microsoft Visual Studio Solution File, Format Version 12.00
# Visual Studio Version 17
VisualStudioVersion = 17.14.37216.2
MinimumVisualStudioVersion = 10.0.40219.1
Project("{FAE04EC0-301F-11D3-BF4B-00C04F79EFBC}") = "Chapeau", "Chapeau.csproj", "{FB73AEAD-E25D-4B9E-B117-3F1ADF6DB871}"
EndProject
Global
	GlobalSection(SolutionConfigurationPlatforms) = preSolution
		Debug|Any CPU = Debug|Any CPU
		Release|Any CPU = Release|Any CPU
	EndGlobalSection
	GlobalSection(ProjectConfigurationPlatforms) = postSolution
		{FB73AEAD-E25D-4B9E-B117-3F1ADF6DB871}.Debug|Any CPU.ActiveCfg = Debug|Any CPU
		{FB73AEAD-E25D-4B9E-B117-3F1ADF6DB871}.Debug|Any CPU.Build.0 = Debug|Any CPU
		{FB73AEAD-E25D-4B9E-B117-3F1ADF6DB871}.Release|Any CPU.ActiveCfg = Release|Any CPU
		{FB73AEAD-E25D-4B9E-B117-3F1ADF6DB871}.Release|Any CPU.Build.0 = Release|Any CPU
	EndGlobalSection
	GlobalSection(SolutionProperties) = preSolution
		HideSolutionNode = FALSE
	EndGlobalSection
	GlobalSection(ExtensibilityGlobals) = postSolution
		SolutionGuid = {8E0A512D-CE65-4241-81A7-4A8A926221BD}
	EndGlobalSection
EndGlobal
